
Microsoft Visual Studio Solution File, Format Version 12.00
# Visual Studio Version 16
VisualStudioVersion = 16.0.30204.135
MinimumVisualStudioVersion = 10.0.40219.1
Project("{FAE04EC0-301F-11D3-BF4B-00C04F79EFBC}") = "JLRP.API", "JLRP.API\JLRP.API.csproj", "{9C2C93FF-D6B5-4D8B-B9B1-49DF18D9E5F2}"
EndProject
Global
	GlobalSection(SolutionConfigurationPlatforms) = preSolution
		Debug|Any CPU = Debug|Any CPU
		Release|Any CPU = Release|Any CPU
	EndGlobalSection
	GlobalSection(ProjectConfigurationPlatforms) = postSolution
		{9C2C93FF-D6B5-4D8B-B9B1-49DF18D9E5F2}.Debug|Any CPU.ActiveCfg = Debug|Any CPU
		{9C2C93FF-D6B5-4D8B-B9B1-49DF18D9E5F2}.Debug|Any CPU.Build.0 = Debug|Any CPU
		{9C2C93FF-D6B5-4D8B-B9B1-49DF18D9E5F2}.Release|Any CPU.ActiveCfg = Release|Any CPU
		{9C2C93FF-D6B5-4D8B-B9B1-49DF18D9E5F2}.Release|Any CPU.Build.0 = Release|Any CPU
	EndGlobalSection
	GlobalSection(SolutionProperties) = preSolution
		HideSolutionNode = FALSE
	EndGlobalSection
	GlobalSection(ExtensibilityGlobals) = postSolution
		SolutionGuid = {680F3F98-1DDA-4054-AD7C-55C61082A7E1}
	EndGlobalSection
EndGlobal
